// !$*UTF8*$!
{
	archiveVersion = 1;
	classes = {
	};
	objectVersion = 46;
	objects = {

/* Begin PBXBuildFile section */
		1520DB0F0FC6CDE9055100A9 /* Pods_MeetGeek.framework in Frameworks */ = {isa = PBXBuildFile; fileRef = CCE13433D920A5711B008E88 /* Pods_MeetGeek.framework */; };
		1B15B83D1DB271B7008663A6 /* AppDelegate.swift in Sources */ = {isa = PBXBuildFile; fileRef = 1B15B83C1DB271B7008663A6 /* AppDelegate.swift */; };
		1B15B83F1DB271B7008663A6 /* ViewController.swift in Sources */ = {isa = PBXBuildFile; fileRef = 1B15B83E1DB271B7008663A6 /* ViewController.swift */; };
		1B15B8451DB271B8008663A6 /* MeetGeek.xcdatamodeld in Sources */ = {isa = PBXBuildFile; fileRef = 1B15B8431DB271B7008663A6 /* MeetGeek.xcdatamodeld */; };
		1B15B8471DB271B8008663A6 /* Assets.xcassets in Resources */ = {isa = PBXBuildFile; fileRef = 1B15B8461DB271B8008663A6 /* Assets.xcassets */; };
		1B15B84A1DB271B8008663A6 /* LaunchScreen.storyboard in Resources */ = {isa = PBXBuildFile; fileRef = 1B15B8481DB271B8008663A6 /* LaunchScreen.storyboard */; };
		1B15B8551DB271B8008663A6 /* MeetGeekTests.swift in Sources */ = {isa = PBXBuildFile; fileRef = 1B15B8541DB271B8008663A6 /* MeetGeekTests.swift */; };
		1B15B8601DB271B8008663A6 /* MeetGeekUITests.swift in Sources */ = {isa = PBXBuildFile; fileRef = 1B15B85F1DB271B8008663A6 /* MeetGeekUITests.swift */; };
		1B15B86E1DB27479008663A6 /* sg-Spotlight.png in Resources */ = {isa = PBXBuildFile; fileRef = 1B15B86D1DB27479008663A6 /* sg-Spotlight.png */; };
		1B15B8721DB2829E008663A6 /* GoogleService-Info.plist in Resources */ = {isa = PBXBuildFile; fileRef = 1B15B8711DB2829E008663A6 /* GoogleService-Info.plist */; };
		1B15B8741DB286CD008663A6 /* Constants.swift in Sources */ = {isa = PBXBuildFile; fileRef = 1B15B8731DB286CD008663A6 /* Constants.swift */; };
		1B15B8761DB289D9008663A6 /* User.swift in Sources */ = {isa = PBXBuildFile; fileRef = 1B15B8751DB289D9008663A6 /* User.swift */; };
		1B15B8781DB28A5A008663A6 /* LoginViewController.swift in Sources */ = {isa = PBXBuildFile; fileRef = 1B15B8771DB28A5A008663A6 /* LoginViewController.swift */; };
		1B15B87A1DB29BE1008663A6 /* EventPickerViewController.swift in Sources */ = {isa = PBXBuildFile; fileRef = 1B15B8791DB29BE1008663A6 /* EventPickerViewController.swift */; };
		1B15B87C1DB29CB8008663A6 /* Main.storyboard in Resources */ = {isa = PBXBuildFile; fileRef = 1B15B87B1DB29CB8008663A6 /* Main.storyboard */; };
		1B15B87F1DB2BA52008663A6 /* Event.swift in Sources */ = {isa = PBXBuildFile; fileRef = 1B15B87E1DB2BA52008663A6 /* Event.swift */; };
		4DE8141A62E0D19869CD4F19 /* Pods_MeetGeekTests.framework in Frameworks */ = {isa = PBXBuildFile; fileRef = EB905D7E87BB084124FB0D61 /* Pods_MeetGeekTests.framework */; };
		C160249A622AE85A9B4744BD /* Pods_MeetGeekUITests.framework in Frameworks */ = {isa = PBXBuildFile; fileRef = 6879CA83A1620E62191F28D3 /* Pods_MeetGeekUITests.framework */; };
/* End PBXBuildFile section */

/* Begin PBXContainerItemProxy section */
		1B15B8511DB271B8008663A6 /* PBXContainerItemProxy */ = {
			isa = PBXContainerItemProxy;
			containerPortal = 1B15B8311DB271B7008663A6 /* Project object */;
			proxyType = 1;
			remoteGlobalIDString = 1B15B8381DB271B7008663A6;
			remoteInfo = MeetGeek;
		};
		1B15B85C1DB271B8008663A6 /* PBXContainerItemProxy */ = {
			isa = PBXContainerItemProxy;
			containerPortal = 1B15B8311DB271B7008663A6 /* Project object */;
			proxyType = 1;
			remoteGlobalIDString = 1B15B8381DB271B7008663A6;
			remoteInfo = MeetGeek;
		};
/* End PBXContainerItemProxy section */

/* Begin PBXFileReference section */
		1B15B8391DB271B7008663A6 /* MeetGeek.app */ = {isa = PBXFileReference; explicitFileType = wrapper.application; includeInIndex = 0; path = MeetGeek.app; sourceTree = BUILT_PRODUCTS_DIR; };
		1B15B83C1DB271B7008663A6 /* AppDelegate.swift */ = {isa = PBXFileReference; lastKnownFileType = sourcecode.swift; path = AppDelegate.swift; sourceTree = "<group>"; };
		1B15B83E1DB271B7008663A6 /* ViewController.swift */ = {isa = PBXFileReference; lastKnownFileType = sourcecode.swift; path = ViewController.swift; sourceTree = "<group>"; };
		1B15B8441DB271B7008663A6 /* MeetGeek.xcdatamodel */ = {isa = PBXFileReference; lastKnownFileType = wrapper.xcdatamodel; path = MeetGeek.xcdatamodel; sourceTree = "<group>"; };
		1B15B8461DB271B8008663A6 /* Assets.xcassets */ = {isa = PBXFileReference; lastKnownFileType = folder.assetcatalog; path = Assets.xcassets; sourceTree = "<group>"; };
		1B15B8491DB271B8008663A6 /* Base */ = {isa = PBXFileReference; lastKnownFileType = file.storyboard; name = Base; path = Base.lproj/LaunchScreen.storyboard; sourceTree = "<group>"; };
		1B15B84B1DB271B8008663A6 /* Info.plist */ = {isa = PBXFileReference; lastKnownFileType = text.plist.xml; path = Info.plist; sourceTree = "<group>"; };
		1B15B8501DB271B8008663A6 /* MeetGeekTests.xctest */ = {isa = PBXFileReference; explicitFileType = wrapper.cfbundle; includeInIndex = 0; path = MeetGeekTests.xctest; sourceTree = BUILT_PRODUCTS_DIR; };
		1B15B8541DB271B8008663A6 /* MeetGeekTests.swift */ = {isa = PBXFileReference; lastKnownFileType = sourcecode.swift; path = MeetGeekTests.swift; sourceTree = "<group>"; };
		1B15B8561DB271B8008663A6 /* Info.plist */ = {isa = PBXFileReference; lastKnownFileType = text.plist.xml; path = Info.plist; sourceTree = "<group>"; };
		1B15B85B1DB271B8008663A6 /* MeetGeekUITests.xctest */ = {isa = PBXFileReference; explicitFileType = wrapper.cfbundle; includeInIndex = 0; path = MeetGeekUITests.xctest; sourceTree = BUILT_PRODUCTS_DIR; };
		1B15B85F1DB271B8008663A6 /* MeetGeekUITests.swift */ = {isa = PBXFileReference; lastKnownFileType = sourcecode.swift; path = MeetGeekUITests.swift; sourceTree = "<group>"; };
		1B15B8611DB271B8008663A6 /* Info.plist */ = {isa = PBXFileReference; lastKnownFileType = text.plist.xml; path = Info.plist; sourceTree = "<group>"; };
		1B15B86D1DB27479008663A6 /* sg-Spotlight.png */ = {isa = PBXFileReference; lastKnownFileType = image.png; path = "sg-Spotlight.png"; sourceTree = "<group>"; };
		1B15B8711DB2829E008663A6 /* GoogleService-Info.plist */ = {isa = PBXFileReference; fileEncoding = 4; lastKnownFileType = text.plist.xml; path = "GoogleService-Info.plist"; sourceTree = "<group>"; };
		1B15B8731DB286CD008663A6 /* Constants.swift */ = {isa = PBXFileReference; fileEncoding = 4; lastKnownFileType = sourcecode.swift; name = Constants.swift; path = ../Constants.swift; sourceTree = "<group>"; };
		1B15B8751DB289D9008663A6 /* User.swift */ = {isa = PBXFileReference; fileEncoding = 4; lastKnownFileType = sourcecode.swift; path = User.swift; sourceTree = "<group>"; };
		1B15B8771DB28A5A008663A6 /* LoginViewController.swift */ = {isa = PBXFileReference; fileEncoding = 4; lastKnownFileType = sourcecode.swift; path = LoginViewController.swift; sourceTree = "<group>"; };
		1B15B8791DB29BE1008663A6 /* EventPickerViewController.swift */ = {isa = PBXFileReference; fileEncoding = 4; lastKnownFileType = sourcecode.swift; path = EventPickerViewController.swift; sourceTree = "<group>"; };
		1B15B87B1DB29CB8008663A6 /* Main.storyboard */ = {isa = PBXFileReference; fileEncoding = 4; lastKnownFileType = file.storyboard; path = Main.storyboard; sourceTree = "<group>"; };
		1B15B87D1DB29F76008663A6 /* MeetGeek.entitlements */ = {isa = PBXFileReference; lastKnownFileType = text.plist.entitlements; path = MeetGeek.entitlements; sourceTree = "<group>"; };
		1B15B87E1DB2BA52008663A6 /* Event.swift */ = {isa = PBXFileReference; fileEncoding = 4; lastKnownFileType = sourcecode.swift; path = Event.swift; sourceTree = "<group>"; };
		29D5AD3796454E3B8A4B6AC2 /* Pods-MeetGeekUITests.debug.xcconfig */ = {isa = PBXFileReference; includeInIndex = 1; lastKnownFileType = text.xcconfig; name = "Pods-MeetGeekUITests.debug.xcconfig"; path = "Pods/Target Support Files/Pods-MeetGeekUITests/Pods-MeetGeekUITests.debug.xcconfig"; sourceTree = "<group>"; };
		4AED5C46EE58384240ACD932 /* Pods-MeetGeek.debug.xcconfig */ = {isa = PBXFileReference; includeInIndex = 1; lastKnownFileType = text.xcconfig; name = "Pods-MeetGeek.debug.xcconfig"; path = "Pods/Target Support Files/Pods-MeetGeek/Pods-MeetGeek.debug.xcconfig"; sourceTree = "<group>"; };
		4CAFC623F5CBBBB9E208291B /* Pods-MeetGeek.release.xcconfig */ = {isa = PBXFileReference; includeInIndex = 1; lastKnownFileType = text.xcconfig; name = "Pods-MeetGeek.release.xcconfig"; path = "Pods/Target Support Files/Pods-MeetGeek/Pods-MeetGeek.release.xcconfig"; sourceTree = "<group>"; };
		5143C532DD7B75E116A9646E /* Pods-MeetGeekUITests.release.xcconfig */ = {isa = PBXFileReference; includeInIndex = 1; lastKnownFileType = text.xcconfig; name = "Pods-MeetGeekUITests.release.xcconfig"; path = "Pods/Target Support Files/Pods-MeetGeekUITests/Pods-MeetGeekUITests.release.xcconfig"; sourceTree = "<group>"; };
		6879CA83A1620E62191F28D3 /* Pods_MeetGeekUITests.framework */ = {isa = PBXFileReference; explicitFileType = wrapper.framework; includeInIndex = 0; path = Pods_MeetGeekUITests.framework; sourceTree = BUILT_PRODUCTS_DIR; };
		9E26326CB195E0D11C9FE676 /* Pods-MeetGeekTests.debug.xcconfig */ = {isa = PBXFileReference; includeInIndex = 1; lastKnownFileType = text.xcconfig; name = "Pods-MeetGeekTests.debug.xcconfig"; path = "Pods/Target Support Files/Pods-MeetGeekTests/Pods-MeetGeekTests.debug.xcconfig"; sourceTree = "<group>"; };
		B9E23FC28B28712B6EBD8504 /* Pods-MeetGeekTests.release.xcconfig */ = {isa = PBXFileReference; includeInIndex = 1; lastKnownFileType = text.xcconfig; name = "Pods-MeetGeekTests.release.xcconfig"; path = "Pods/Target Support Files/Pods-MeetGeekTests/Pods-MeetGeekTests.release.xcconfig"; sourceTree = "<group>"; };
		CCE13433D920A5711B008E88 /* Pods_MeetGeek.framework */ = {isa = PBXFileReference; explicitFileType = wrapper.framework; includeInIndex = 0; path = Pods_MeetGeek.framework; sourceTree = BUILT_PRODUCTS_DIR; };
		EB905D7E87BB084124FB0D61 /* Pods_MeetGeekTests.framework */ = {isa = PBXFileReference; explicitFileType = wrapper.framework; includeInIndex = 0; path = Pods_MeetGeekTests.framework; sourceTree = BUILT_PRODUCTS_DIR; };
/* End PBXFileReference section */

/* Begin PBXFrameworksBuildPhase section */
		1B15B8361DB271B7008663A6 /* Frameworks */ = {
			isa = PBXFrameworksBuildPhase;
			buildActionMask = 2147483647;
			files = (
				1520DB0F0FC6CDE9055100A9 /* Pods_MeetGeek.framework in Frameworks */,
			);
			runOnlyForDeploymentPostprocessing = 0;
		};
		1B15B84D1DB271B8008663A6 /* Frameworks */ = {
			isa = PBXFrameworksBuildPhase;
			buildActionMask = 2147483647;
			files = (
				4DE8141A62E0D19869CD4F19 /* Pods_MeetGeekTests.framework in Frameworks */,
			);
			runOnlyForDeploymentPostprocessing = 0;
		};
		1B15B8581DB271B8008663A6 /* Frameworks */ = {
			isa = PBXFrameworksBuildPhase;
			buildActionMask = 2147483647;
			files = (
				C160249A622AE85A9B4744BD /* Pods_MeetGeekUITests.framework in Frameworks */,
			);
			runOnlyForDeploymentPostprocessing = 0;
		};
/* End PBXFrameworksBuildPhase section */

/* Begin PBXGroup section */
		1B15B8301DB271B7008663A6 = {
			isa = PBXGroup;
			children = (
				1B15B83B1DB271B7008663A6 /* MeetGeek */,
				1B15B8531DB271B8008663A6 /* MeetGeekTests */,
				1B15B85E1DB271B8008663A6 /* MeetGeekUITests */,
				1B15B83A1DB271B7008663A6 /* Products */,
				B594C712B73C82E65BE3DB95 /* Pods */,
				E2E2EAE71C3753391B7D1FE4 /* Frameworks */,
			);
			sourceTree = "<group>";
		};
		1B15B83A1DB271B7008663A6 /* Products */ = {
			isa = PBXGroup;
			children = (
				1B15B8391DB271B7008663A6 /* MeetGeek.app */,
				1B15B8501DB271B8008663A6 /* MeetGeekTests.xctest */,
				1B15B85B1DB271B8008663A6 /* MeetGeekUITests.xctest */,
			);
			name = Products;
			sourceTree = "<group>";
		};
		1B15B83B1DB271B7008663A6 /* MeetGeek */ = {
			isa = PBXGroup;
			children = (
				1B15B8731DB286CD008663A6 /* Constants.swift */,
				1B15B83C1DB271B7008663A6 /* AppDelegate.swift */,
				1B15B83E1DB271B7008663A6 /* ViewController.swift */,
				1B15B8751DB289D9008663A6 /* User.swift */,
				1B15B8771DB28A5A008663A6 /* LoginViewController.swift */,
				1B15B87B1DB29CB8008663A6 /* Main.storyboard */,
				1B15B8791DB29BE1008663A6 /* EventPickerViewController.swift */,
				1B15B87E1DB2BA52008663A6 /* Event.swift */,
				1B15B8461DB271B8008663A6 /* Assets.xcassets */,
				1B15B86D1DB27479008663A6 /* sg-Spotlight.png */,
				1B15B8481DB271B8008663A6 /* LaunchScreen.storyboard */,
				1B15B84B1DB271B8008663A6 /* Info.plist */,
				1B15B8711DB2829E008663A6 /* GoogleService-Info.plist */,
				1B15B87D1DB29F76008663A6 /* MeetGeek.entitlements */,
				1B15B8431DB271B7008663A6 /* MeetGeek.xcdatamodeld */,
			);
			path = MeetGeek;
			sourceTree = "<group>";
		};
		1B15B8531DB271B8008663A6 /* MeetGeekTests */ = {
			isa = PBXGroup;
			children = (
				1B15B8541DB271B8008663A6 /* MeetGeekTests.swift */,
				1B15B8561DB271B8008663A6 /* Info.plist */,
			);
			path = MeetGeekTests;
			sourceTree = "<group>";
		};
		1B15B85E1DB271B8008663A6 /* MeetGeekUITests */ = {
			isa = PBXGroup;
			children = (
				1B15B85F1DB271B8008663A6 /* MeetGeekUITests.swift */,
				1B15B8611DB271B8008663A6 /* Info.plist */,
			);
			path = MeetGeekUITests;
			sourceTree = "<group>";
		};
		B594C712B73C82E65BE3DB95 /* Pods */ = {
			isa = PBXGroup;
			children = (
				4AED5C46EE58384240ACD932 /* Pods-MeetGeek.debug.xcconfig */,
				4CAFC623F5CBBBB9E208291B /* Pods-MeetGeek.release.xcconfig */,
				9E26326CB195E0D11C9FE676 /* Pods-MeetGeekTests.debug.xcconfig */,
				B9E23FC28B28712B6EBD8504 /* Pods-MeetGeekTests.release.xcconfig */,
				29D5AD3796454E3B8A4B6AC2 /* Pods-MeetGeekUITests.debug.xcconfig */,
				5143C532DD7B75E116A9646E /* Pods-MeetGeekUITests.release.xcconfig */,
			);
			name = Pods;
			sourceTree = "<group>";
		};
		E2E2EAE71C3753391B7D1FE4 /* Frameworks */ = {
			isa = PBXGroup;
			children = (
				CCE13433D920A5711B008E88 /* Pods_MeetGeek.framework */,
				EB905D7E87BB084124FB0D61 /* Pods_MeetGeekTests.framework */,
				6879CA83A1620E62191F28D3 /* Pods_MeetGeekUITests.framework */,
			);
			name = Frameworks;
			sourceTree = "<group>";
		};
/* End PBXGroup section */

/* Begin PBXNativeTarget section */
		1B15B8381DB271B7008663A6 /* MeetGeek */ = {
			isa = PBXNativeTarget;
			buildConfigurationList = 1B15B8641DB271B8008663A6 /* Build configuration list for PBXNativeTarget "MeetGeek" */;
			buildPhases = (
				35CEABB61BE7CA249D5D2D38 /* [CP] Check Pods Manifest.lock */,
				1B15B8351DB271B7008663A6 /* Sources */,
				1B15B8361DB271B7008663A6 /* Frameworks */,
				1B15B8371DB271B7008663A6 /* Resources */,
				A47BC77F4AAC7A3396C8092F /* [CP] Embed Pods Frameworks */,
				9F98FECA5893E057AD1D92A0 /* [CP] Copy Pods Resources */,
			);
			buildRules = (
			);
			dependencies = (
			);
			name = MeetGeek;
			productName = MeetGeek;
			productReference = 1B15B8391DB271B7008663A6 /* MeetGeek.app */;
			productType = "com.apple.product-type.application";
		};
		1B15B84F1DB271B8008663A6 /* MeetGeekTests */ = {
			isa = PBXNativeTarget;
			buildConfigurationList = 1B15B8671DB271B8008663A6 /* Build configuration list for PBXNativeTarget "MeetGeekTests" */;
			buildPhases = (
				2ECEF90DB67E2422257D33CE /* [CP] Check Pods Manifest.lock */,
				1B15B84C1DB271B8008663A6 /* Sources */,
				1B15B84D1DB271B8008663A6 /* Frameworks */,
				1B15B84E1DB271B8008663A6 /* Resources */,
				FF48906CF2AFFE8D88CC30DD /* [CP] Embed Pods Frameworks */,
				6F1E8776D6207DA87247AA18 /* [CP] Copy Pods Resources */,
			);
			buildRules = (
			);
			dependencies = (
				1B15B8521DB271B8008663A6 /* PBXTargetDependency */,
			);
			name = MeetGeekTests;
			productName = MeetGeekTests;
			productReference = 1B15B8501DB271B8008663A6 /* MeetGeekTests.xctest */;
			productType = "com.apple.product-type.bundle.unit-test";
		};
		1B15B85A1DB271B8008663A6 /* MeetGeekUITests */ = {
			isa = PBXNativeTarget;
			buildConfigurationList = 1B15B86A1DB271B8008663A6 /* Build configuration list for PBXNativeTarget "MeetGeekUITests" */;
			buildPhases = (
				B53A878E767E2C0C1907F186 /* [CP] Check Pods Manifest.lock */,
				1B15B8571DB271B8008663A6 /* Sources */,
				1B15B8581DB271B8008663A6 /* Frameworks */,
				1B15B8591DB271B8008663A6 /* Resources */,
				535C918AB10C19CA5A4454C7 /* [CP] Copy Pods Resources */,
			);
			buildRules = (
			);
			dependencies = (
				1B15B85D1DB271B8008663A6 /* PBXTargetDependency */,
			);
			name = MeetGeekUITests;
			productName = MeetGeekUITests;
			productReference = 1B15B85B1DB271B8008663A6 /* MeetGeekUITests.xctest */;
			productType = "com.apple.product-type.bundle.ui-testing";
		};
/* End PBXNativeTarget section */

/* Begin PBXProject section */
		1B15B8311DB271B7008663A6 /* Project object */ = {
			isa = PBXProject;
			attributes = {
				LastSwiftUpdateCheck = 0800;
				LastUpgradeCheck = 0800;
				ORGANIZATIONNAME = MeeGeek;
				TargetAttributes = {
					1B15B8381DB271B7008663A6 = {
						CreatedOnToolsVersion = 8.0;
						DevelopmentTeam = T56TUBW264;
						ProvisioningStyle = Automatic;
						SystemCapabilities = {
							com.apple.Keychain = {
								enabled = 1;
							};
						};
					};
					1B15B84F1DB271B8008663A6 = {
						CreatedOnToolsVersion = 8.0;
						ProvisioningStyle = Automatic;
						TestTargetID = 1B15B8381DB271B7008663A6;
					};
					1B15B85A1DB271B8008663A6 = {
						CreatedOnToolsVersion = 8.0;
						ProvisioningStyle = Automatic;
						TestTargetID = 1B15B8381DB271B7008663A6;
					};
				};
			};
			buildConfigurationList = 1B15B8341DB271B7008663A6 /* Build configuration list for PBXProject "MeetGeek" */;
			compatibilityVersion = "Xcode 3.2";
			developmentRegion = English;
			hasScannedForEncodings = 0;
			knownRegions = (
				en,
				Base,
			);
			mainGroup = 1B15B8301DB271B7008663A6;
			productRefGroup = 1B15B83A1DB271B7008663A6 /* Products */;
			projectDirPath = "";
			projectRoot = "";
			targets = (
				1B15B8381DB271B7008663A6 /* MeetGeek */,
				1B15B84F1DB271B8008663A6 /* MeetGeekTests */,
				1B15B85A1DB271B8008663A6 /* MeetGeekUITests */,
			);
		};
/* End PBXProject section */

/* Begin PBXResourcesBuildPhase section */
		1B15B8371DB271B7008663A6 /* Resources */ = {
			isa = PBXResourcesBuildPhase;
			buildActionMask = 2147483647;
			files = (
				1B15B86E1DB27479008663A6 /* sg-Spotlight.png in Resources */,
				1B15B87C1DB29CB8008663A6 /* Main.storyboard in Resources */,
				1B15B84A1DB271B8008663A6 /* LaunchScreen.storyboard in Resources */,
				1B15B8721DB2829E008663A6 /* GoogleService-Info.plist in Resources */,
				1B15B8471DB271B8008663A6 /* Assets.xcassets in Resources */,
			);
			runOnlyForDeploymentPostprocessing = 0;
		};
		1B15B84E1DB271B8008663A6 /* Resources */ = {
			isa = PBXResourcesBuildPhase;
			buildActionMask = 2147483647;
			files = (
			);
			runOnlyForDeploymentPostprocessing = 0;
		};
		1B15B8591DB271B8008663A6 /* Resources */ = {
			isa = PBXResourcesBuildPhase;
			buildActionMask = 2147483647;
			files = (
			);
			runOnlyForDeploymentPostprocessing = 0;
		};
/* End PBXResourcesBuildPhase section */

/* Begin PBXShellScriptBuildPhase section */
		2ECEF90DB67E2422257D33CE /* [CP] Check Pods Manifest.lock */ = {
			isa = PBXShellScriptBuildPhase;
			buildActionMask = 2147483647;
			files = (
			);
			inputPaths = (
			);
			name = "[CP] Check Pods Manifest.lock";
			outputPaths = (
			);
			runOnlyForDeploymentPostprocessing = 0;
			shellPath = /bin/sh;
			shellScript = "diff \"${PODS_ROOT}/../Podfile.lock\" \"${PODS_ROOT}/Manifest.lock\" > /dev/null\nif [[ $? != 0 ]] ; then\n    cat << EOM\nerror: The sandbox is not in sync with the Podfile.lock. Run 'pod install' or update your CocoaPods installation.\nEOM\n    exit 1\nfi\n";
			showEnvVarsInLog = 0;
		};
		35CEABB61BE7CA249D5D2D38 /* [CP] Check Pods Manifest.lock */ = {
			isa = PBXShellScriptBuildPhase;
			buildActionMask = 2147483647;
			files = (
			);
			inputPaths = (
			);
			name = "[CP] Check Pods Manifest.lock";
			outputPaths = (
			);
			runOnlyForDeploymentPostprocessing = 0;
			shellPath = /bin/sh;
			shellScript = "diff \"${PODS_ROOT}/../Podfile.lock\" \"${PODS_ROOT}/Manifest.lock\" > /dev/null\nif [[ $? != 0 ]] ; then\n    cat << EOM\nerror: The sandbox is not in sync with the Podfile.lock. Run 'pod install' or update your CocoaPods installation.\nEOM\n    exit 1\nfi\n";
			showEnvVarsInLog = 0;
		};
		535C918AB10C19CA5A4454C7 /* [CP] Copy Pods Resources */ = {
			isa = PBXShellScriptBuildPhase;
			buildActionMask = 2147483647;
			files = (
			);
			inputPaths = (
			);
			name = "[CP] Copy Pods Resources";
			outputPaths = (
			);
			runOnlyForDeploymentPostprocessing = 0;
			shellPath = /bin/sh;
			shellScript = "\"${SRCROOT}/Pods/Target Support Files/Pods-MeetGeekUITests/Pods-MeetGeekUITests-resources.sh\"\n";
			showEnvVarsInLog = 0;
		};
		6F1E8776D6207DA87247AA18 /* [CP] Copy Pods Resources */ = {
			isa = PBXShellScriptBuildPhase;
			buildActionMask = 2147483647;
			files = (
			);
			inputPaths = (
			);
			name = "[CP] Copy Pods Resources";
			outputPaths = (
			);
			runOnlyForDeploymentPostprocessing = 0;
			shellPath = /bin/sh;
			shellScript = "\"${SRCROOT}/Pods/Target Support Files/Pods-MeetGeekTests/Pods-MeetGeekTests-resources.sh\"\n";
			showEnvVarsInLog = 0;
		};
		9F98FECA5893E057AD1D92A0 /* [CP] Copy Pods Resources */ = {
			isa = PBXShellScriptBuildPhase;
			buildActionMask = 2147483647;
			files = (
			);
			inputPaths = (
			);
			name = "[CP] Copy Pods Resources";
			outputPaths = (
			);
			runOnlyForDeploymentPostprocessing = 0;
			shellPath = /bin/sh;
			shellScript = "\"${SRCROOT}/Pods/Target Support Files/Pods-MeetGeek/Pods-MeetGeek-resources.sh\"\n";
			showEnvVarsInLog = 0;
		};
		A47BC77F4AAC7A3396C8092F /* [CP] Embed Pods Frameworks */ = {
			isa = PBXShellScriptBuildPhase;
			buildActionMask = 2147483647;
			files = (
			);
			inputPaths = (
			);
			name = "[CP] Embed Pods Frameworks";
			outputPaths = (
			);
			runOnlyForDeploymentPostprocessing = 0;
			shellPath = /bin/sh;
			shellScript = "\"${SRCROOT}/Pods/Target Support Files/Pods-MeetGeek/Pods-MeetGeek-frameworks.sh\"\n";
			showEnvVarsInLog = 0;
		};
		B53A878E767E2C0C1907F186 /* [CP] Check Pods Manifest.lock */ = {
			isa = PBXShellScriptBuildPhase;
			buildActionMask = 2147483647;
			files = (
			);
			inputPaths = (
			);
			name = "[CP] Check Pods Manifest.lock";
			outputPaths = (
			);
			runOnlyForDeploymentPostprocessing = 0;
			shellPath = /bin/sh;
			shellScript = "diff \"${PODS_ROOT}/../Podfile.lock\" \"${PODS_ROOT}/Manifest.lock\" > /dev/null\nif [[ $? != 0 ]] ; then\n    cat << EOM\nerror: The sandbox is not in sync with the Podfile.lock. Run 'pod install' or update your CocoaPods installation.\nEOM\n    exit 1\nfi\n";
			showEnvVarsInLog = 0;
		};
		FF48906CF2AFFE8D88CC30DD /* [CP] Embed Pods Frameworks */ = {
			isa = PBXShellScriptBuildPhase;
			buildActionMask = 2147483647;
			files = (
			);
			inputPaths = (
			);
			name = "[CP] Embed Pods Frameworks";
			outputPaths = (
			);
			runOnlyForDeploymentPostprocessing = 0;
			shellPath = /bin/sh;
			shellScript = "\"${SRCROOT}/Pods/Target Support Files/Pods-MeetGeekTests/Pods-MeetGeekTests-frameworks.sh\"\n";
			showEnvVarsInLog = 0;
		};
/* End PBXShellScriptBuildPhase section */

/* Begin PBXSourcesBuildPhase section */
		1B15B8351DB271B7008663A6 /* Sources */ = {
			isa = PBXSourcesBuildPhase;
			buildActionMask = 2147483647;
			files = (
				1B15B87F1DB2BA52008663A6 /* Event.swift in Sources */,
				1B15B8781DB28A5A008663A6 /* LoginViewController.swift in Sources */,
				1B15B83F1DB271B7008663A6 /* ViewController.swift in Sources */,
				1B15B87A1DB29BE1008663A6 /* EventPickerViewController.swift in Sources */,
				1B15B83D1DB271B7008663A6 /* AppDelegate.swift in Sources */,
				1B15B8451DB271B8008663A6 /* MeetGeek.xcdatamodeld in Sources */,
				1B15B8761DB289D9008663A6 /* User.swift in Sources */,
				1B15B8741DB286CD008663A6 /* Constants.swift in Sources */,
			);
			runOnlyForDeploymentPostprocessing = 0;
		};
		1B15B84C1DB271B8008663A6 /* Sources */ = {
			isa = PBXSourcesBuildPhase;
			buildActionMask = 2147483647;
			files = (
				1B15B8551DB271B8008663A6 /* MeetGeekTests.swift in Sources */,
			);
			runOnlyForDeploymentPostprocessing = 0;
		};
		1B15B8571DB271B8008663A6 /* Sources */ = {
			isa = PBXSourcesBuildPhase;
			buildActionMask = 2147483647;
			files = (
				1B15B8601DB271B8008663A6 /* MeetGeekUITests.swift in Sources */,
			);
			runOnlyForDeploymentPostprocessing = 0;
		};
/* End PBXSourcesBuildPhase section */

/* Begin PBXTargetDependency section */
		1B15B8521DB271B8008663A6 /* PBXTargetDependency */ = {
			isa = PBXTargetDependency;
			target = 1B15B8381DB271B7008663A6 /* MeetGeek */;
			targetProxy = 1B15B8511DB271B8008663A6 /* PBXContainerItemProxy */;
		};
		1B15B85D1DB271B8008663A6 /* PBXTargetDependency */ = {
			isa = PBXTargetDependency;
			target = 1B15B8381DB271B7008663A6 /* MeetGeek */;
			targetProxy = 1B15B85C1DB271B8008663A6 /* PBXContainerItemProxy */;
		};
/* End PBXTargetDependency section */

/* Begin PBXVariantGroup section */
		1B15B8481DB271B8008663A6 /* LaunchScreen.storyboard */ = {
			isa = PBXVariantGroup;
			children = (
				1B15B8491DB271B8008663A6 /* Base */,
			);
			name = LaunchScreen.storyboard;
			sourceTree = "<group>";
		};
/* End PBXVariantGroup section */

/* Begin XCBuildConfiguration section */
		1B15B8621DB271B8008663A6 /* Debug */ = {
			isa = XCBuildConfiguration;
			buildSettings = {
				ALWAYS_SEARCH_USER_PATHS = NO;
				CLANG_ANALYZER_NONNULL = YES;
				CLANG_CXX_LANGUAGE_STANDARD = "gnu++0x";
				CLANG_CXX_LIBRARY = "libc++";
				CLANG_ENABLE_MODULES = YES;
				CLANG_ENABLE_OBJC_ARC = YES;
				CLANG_WARN_BOOL_CONVERSION = YES;
				CLANG_WARN_CONSTANT_CONVERSION = YES;
				CLANG_WARN_DIRECT_OBJC_ISA_USAGE = YES_ERROR;
				CLANG_WARN_DOCUMENTATION_COMMENTS = YES;
				CLANG_WARN_EMPTY_BODY = YES;
				CLANG_WARN_ENUM_CONVERSION = YES;
				CLANG_WARN_INFINITE_RECURSION = YES;
				CLANG_WARN_INT_CONVERSION = YES;
				CLANG_WARN_OBJC_ROOT_CLASS = YES_ERROR;
				CLANG_WARN_SUSPICIOUS_MOVES = YES;
				CLANG_WARN_UNREACHABLE_CODE = YES;
				CLANG_WARN__DUPLICATE_METHOD_MATCH = YES;
				"CODE_SIGN_IDENTITY[sdk=iphoneos*]" = "iPhone Developer";
				COPY_PHASE_STRIP = NO;
				DEBUG_INFORMATION_FORMAT = dwarf;
				ENABLE_STRICT_OBJC_MSGSEND = YES;
				ENABLE_TESTABILITY = YES;
				GCC_C_LANGUAGE_STANDARD = gnu99;
				GCC_DYNAMIC_NO_PIC = NO;
				GCC_NO_COMMON_BLOCKS = YES;
				GCC_OPTIMIZATION_LEVEL = 0;
				GCC_PREPROCESSOR_DEFINITIONS = (
					"DEBUG=1",
					"$(inherited)",
				);
				GCC_WARN_64_TO_32_BIT_CONVERSION = YES;
				GCC_WARN_ABOUT_RETURN_TYPE = YES_ERROR;
				GCC_WARN_UNDECLARED_SELECTOR = YES;
				GCC_WARN_UNINITIALIZED_AUTOS = YES_AGGRESSIVE;
				GCC_WARN_UNUSED_FUNCTION = YES;
				GCC_WARN_UNUSED_VARIABLE = YES;
				IPHONEOS_DEPLOYMENT_TARGET = 10.0;
				MTL_ENABLE_DEBUG_INFO = YES;
				ONLY_ACTIVE_ARCH = YES;
				SDKROOT = iphoneos;
				SWIFT_ACTIVE_COMPILATION_CONDITIONS = DEBUG;
				SWIFT_OPTIMIZATION_LEVEL = "-Onone";
				TARGETED_DEVICE_FAMILY = "1,2";
			};
			name = Debug;
		};
		1B15B8631DB271B8008663A6 /* Release */ = {
			isa = XCBuildConfiguration;
			buildSettings = {
				ALWAYS_SEARCH_USER_PATHS = NO;
				CLANG_ANALYZER_NONNULL = YES;
				CLANG_CXX_LANGUAGE_STANDARD = "gnu++0x";
				CLANG_CXX_LIBRARY = "libc++";
				CLANG_ENABLE_MODULES = YES;
				CLANG_ENABLE_OBJC_ARC = YES;
				CLANG_WARN_BOOL_CONVERSION = YES;
				CLANG_WARN_CONSTANT_CONVERSION = YES;
				CLANG_WARN_DIRECT_OBJC_ISA_USAGE = YES_ERROR;
				CLANG_WARN_DOCUMENTATION_COMMENTS = YES;
				CLANG_WARN_EMPTY_BODY = YES;
				CLANG_WARN_ENUM_CONVERSION = YES;
				CLANG_WARN_INFINITE_RECURSION = YES;
				CLANG_WARN_INT_CONVERSION = YES;
				CLANG_WARN_OBJC_ROOT_CLASS = YES_ERROR;
				CLANG_WARN_SUSPICIOUS_MOVES = YES;
				CLANG_WARN_UNREACHABLE_CODE = YES;
				CLANG_WARN__DUPLICATE_METHOD_MATCH = YES;
				"CODE_SIGN_IDENTITY[sdk=iphoneos*]" = "iPhone Developer";
				COPY_PHASE_STRIP = NO;
				DEBUG_INFORMATION_FORMAT = "dwarf-with-dsym";
				ENABLE_NS_ASSERTIONS = NO;
				ENABLE_STRICT_OBJC_MSGSEND = YES;
				GCC_C_LANGUAGE_STANDARD = gnu99;
				GCC_NO_COMMON_BLOCKS = YES;
				GCC_WARN_64_TO_32_BIT_CONVERSION = YES;
				GCC_WARN_ABOUT_RETURN_TYPE = YES_ERROR;
				GCC_WARN_UNDECLARED_SELECTOR = YES;
				GCC_WARN_UNINITIALIZED_AUTOS = YES_AGGRESSIVE;
				GCC_WARN_UNUSED_FUNCTION = YES;
				GCC_WARN_UNUSED_VARIABLE = YES;
				IPHONEOS_DEPLOYMENT_TARGET = 10.0;
				MTL_ENABLE_DEBUG_INFO = NO;
				SDKROOT = iphoneos;
				SWIFT_OPTIMIZATION_LEVEL = "-Owholemodule";
				TARGETED_DEVICE_FAMILY = "1,2";
				VALIDATE_PRODUCT = YES;
			};
			name = Release;
		};
		1B15B8651DB271B8008663A6 /* Debug */ = {
			isa = XCBuildConfiguration;
			baseConfigurationReference = 4AED5C46EE58384240ACD932 /* Pods-MeetGeek.debug.xcconfig */;
			buildSettings = {
				ASSETCATALOG_COMPILER_APPICON_NAME = AppIcon;
				CODE_SIGN_ENTITLEMENTS = MeetGeek/MeetGeek.entitlements;
				DEVELOPMENT_TEAM = T56TUBW264;
				FRAMEWORK_SEARCH_PATHS = (
					"$(inherited)",
					"$(PROJECT_DIR)/MeetGeek",
				);
				INFOPLIST_FILE = MeetGeek/Info.plist;
				LD_RUNPATH_SEARCH_PATHS = "$(inherited) @executable_path/Frameworks";
				MACH_O_TYPE = mh_execute;
				PRODUCT_BUNDLE_IDENTIFIER = com.sfk.MeetGeek;
				PRODUCT_NAME = "$(TARGET_NAME)";
				SWIFT_VERSION = 3.0;
			};
			name = Debug;
		};
		1B15B8661DB271B8008663A6 /* Release */ = {
			isa = XCBuildConfiguration;
			baseConfigurationReference = 4CAFC623F5CBBBB9E208291B /* Pods-MeetGeek.release.xcconfig */;
			buildSettings = {
				ASSETCATALOG_COMPILER_APPICON_NAME = AppIcon;
				CODE_SIGN_ENTITLEMENTS = MeetGeek/MeetGeek.entitlements;
				DEVELOPMENT_TEAM = T56TUBW264;
				FRAMEWORK_SEARCH_PATHS = (
					"$(inherited)",
					"$(PROJECT_DIR)/MeetGeek",
				);
				INFOPLIST_FILE = MeetGeek/Info.plist;
				LD_RUNPATH_SEARCH_PATHS = "$(inherited) @executable_path/Frameworks";
				MACH_O_TYPE = mh_execute;
				PRODUCT_BUNDLE_IDENTIFIER = com.sfk.MeetGeek;
				PRODUCT_NAME = "$(TARGET_NAME)";
				SWIFT_VERSION = 3.0;
			};
			name = Release;
		};
		1B15B8681DB271B8008663A6 /* Debug */ = {
			isa = XCBuildConfiguration;
			baseConfigurationReference = 9E26326CB195E0D11C9FE676 /* Pods-MeetGeekTests.debug.xcconfig */;
			buildSettings = {
				ALWAYS_EMBED_SWIFT_STANDARD_LIBRARIES = YES;
				BUNDLE_LOADER = "$(TEST_HOST)";
				INFOPLIST_FILE = MeetGeekTests/Info.plist;
				LD_RUNPATH_SEARCH_PATHS = "$(inherited) @executable_path/Frameworks @loader_path/Frameworks";
				PRODUCT_BUNDLE_IDENTIFIER = com.sfk.MeetGeekTests;
				PRODUCT_NAME = "$(TARGET_NAME)";
				SWIFT_VERSION = 3.0;
				TEST_HOST = "$(BUILT_PRODUCTS_DIR)/MeetGeek.app/MeetGeek";
			};
			name = Debug;
		};
		1B15B8691DB271B8008663A6 /* Release */ = {
			isa = XCBuildConfiguration;
			baseConfigurationReference = B9E23FC28B28712B6EBD8504 /* Pods-MeetGeekTests.release.xcconfig */;
			buildSettings = {
				ALWAYS_EMBED_SWIFT_STANDARD_LIBRARIES = YES;
				BUNDLE_LOADER = "$(TEST_HOST)";
				INFOPLIST_FILE = MeetGeekTests/Info.plist;
				LD_RUNPATH_SEARCH_PATHS = "$(inherited) @executable_path/Frameworks @loader_path/Frameworks";
				PRODUCT_BUNDLE_IDENTIFIER = com.sfk.MeetGeekTests;
				PRODUCT_NAME = "$(TARGET_NAME)";
				SWIFT_VERSION = 3.0;
				TEST_HOST = "$(BUILT_PRODUCTS_DIR)/MeetGeek.app/MeetGeek";
			};
			name = Release;
		};
		1B15B86B1DB271B8008663A6 /* Debug */ = {
			isa = XCBuildConfiguration;
			baseConfigurationReference = 29D5AD3796454E3B8A4B6AC2 /* Pods-MeetGeekUITests.debug.xcconfig */;
			buildSettings = {
				ALWAYS_EMBED_SWIFT_STANDARD_LIBRARIES = YES;
				INFOPLIST_FILE = MeetGeekUITests/Info.plist;
				LD_RUNPATH_SEARCH_PATHS = "$(inherited) @executable_path/Frameworks @loader_path/Frameworks";
				PRODUCT_BUNDLE_IDENTIFIER = com.sfk.MeetGeekUITests;
				PRODUCT_NAME = "$(TARGET_NAME)";
				SWIFT_VERSION = 3.0;
				TEST_TARGET_NAME = MeetGeek;
			};
			name = Debug;
		};
		1B15B86C1DB271B8008663A6 /* Release */ = {
			isa = XCBuildConfiguration;
			baseConfigurationReference = 5143C532DD7B75E116A9646E /* Pods-MeetGeekUITests.release.xcconfig */;
			buildSettings = {
				ALWAYS_EMBED_SWIFT_STANDARD_LIBRARIES = YES;
				INFOPLIST_FILE = MeetGeekUITests/Info.plist;
				LD_RUNPATH_SEARCH_PATHS = "$(inherited) @executable_path/Frameworks @loader_path/Frameworks";
				PRODUCT_BUNDLE_IDENTIFIER = com.sfk.MeetGeekUITests;
				PRODUCT_NAME = "$(TARGET_NAME)";
				SWIFT_VERSION = 3.0;
				TEST_TARGET_NAME = MeetGeek;
			};
			name = Release;
		};
/* End XCBuildConfiguration section */

/* Begin XCConfigurationList section */
		1B15B8341DB271B7008663A6 /* Build configuration list for PBXProject "MeetGeek" */ = {
			isa = XCConfigurationList;
			buildConfigurations = (
				1B15B8621DB271B8008663A6 /* Debug */,
				1B15B8631DB271B8008663A6 /* Release */,
			);
			defaultConfigurationIsVisible = 0;
			defaultConfigurationName = Release;
		};
		1B15B8641DB271B8008663A6 /* Build configuration list for PBXNativeTarget "MeetGeek" */ = {
			isa = XCConfigurationList;
			buildConfigurations = (
				1B15B8651DB271B8008663A6 /* Debug */,
				1B15B8661DB271B8008663A6 /* Release */,
			);
			defaultConfigurationIsVisible = 0;
			defaultConfigurationName = Release;
		};
		1B15B8671DB271B8008663A6 /* Build configuration list for PBXNativeTarget "MeetGeekTests" */ = {
			isa = XCConfigurationList;
			buildConfigurations = (
				1B15B8681DB271B8008663A6 /* Debug */,
				1B15B8691DB271B8008663A6 /* Release */,
			);
			defaultConfigurationIsVisible = 0;
			defaultConfigurationName = Release;
		};
		1B15B86A1DB271B8008663A6 /* Build configuration list for PBXNativeTarget "MeetGeekUITests" */ = {
			isa = XCConfigurationList;
			buildConfigurations = (
				1B15B86B1DB271B8008663A6 /* Debug */,
				1B15B86C1DB271B8008663A6 /* Release */,
			);
			defaultConfigurationIsVisible = 0;
			defaultConfigurationName = Release;
		};
/* End XCConfigurationList section */

/* Begin XCVersionGroup section */
		1B15B8431DB271B7008663A6 /* MeetGeek.xcdatamodeld */ = {
			isa = XCVersionGroup;
			children = (
				1B15B8441DB271B7008663A6 /* MeetGeek.xcdatamodel */,
			);
			currentVersion = 1B15B8441DB271B7008663A6 /* MeetGeek.xcdatamodel */;
			path = MeetGeek.xcdatamodeld;
			sourceTree = "<group>";
			versionGroupType = wrapper.xcdatamodel;
		};
/* End XCVersionGroup section */
	};
	rootObject = 1B15B8311DB271B7008663A6 /* Project object */;
}
